// !$*UTF8*$!
{
	archiveVersion = 1;
	classes = {
	};
	objectVersion = 46;
	objects = {

/* Begin PBXBuildFile section */
		EB3058DB1B5083B000532D21 /* FallbackCache.swift in Sources */ = {isa = PBXBuildFile; fileRef = EB3058DA1B5083B000532D21 /* FallbackCache.swift */; };
		EB81B94E1B30A82F00DAFFA9 /* ReactiveSearcher.h in Headers */ = {isa = PBXBuildFile; fileRef = EB81B94D1B30A82F00DAFFA9 /* ReactiveSearcher.h */; settings = {ATTRIBUTES = (Public, ); }; };
		EB81B9541B30A82F00DAFFA9 /* ReactiveSearcher.framework in Frameworks */ = {isa = PBXBuildFile; fileRef = EB81B9481B30A82F00DAFFA9 /* ReactiveSearcher.framework */; };
		EB81B95B1B30A82F00DAFFA9 /* ReactiveSearcherTests.swift in Sources */ = {isa = PBXBuildFile; fileRef = EB81B95A1B30A82F00DAFFA9 /* ReactiveSearcherTests.swift */; };
		EB81B96A1B30A96800DAFFA9 /* Searcher.swift in Sources */ = {isa = PBXBuildFile; fileRef = EB81B9691B30A96800DAFFA9 /* Searcher.swift */; };
		EB81B96D1B30AA3400DAFFA9 /* Protocols.swift in Sources */ = {isa = PBXBuildFile; fileRef = EB81B96C1B30AA3400DAFFA9 /* Protocols.swift */; };
		EB81B96F1B30AAA200DAFFA9 /* ReactiveCocoa+Extensions.swift in Sources */ = {isa = PBXBuildFile; fileRef = EB81B96E1B30AAA200DAFFA9 /* ReactiveCocoa+Extensions.swift */; };
		EB81B9711B30AAF000DAFFA9 /* Cache.swift in Sources */ = {isa = PBXBuildFile; fileRef = EB81B9701B30AAF000DAFFA9 /* Cache.swift */; };
		EB81B9731B30AB2D00DAFFA9 /* CachedSearcher.swift in Sources */ = {isa = PBXBuildFile; fileRef = EB81B9721B30AB2D00DAFFA9 /* CachedSearcher.swift */; };
		EB81B97B1B30ABFA00DAFFA9 /* Extensions.swift in Sources */ = {isa = PBXBuildFile; fileRef = EB81B97A1B30ABFA00DAFFA9 /* Extensions.swift */; };
/* End PBXBuildFile section */

/* Begin PBXContainerItemProxy section */
		EB81B9551B30A82F00DAFFA9 /* PBXContainerItemProxy */ = {
			isa = PBXContainerItemProxy;
			containerPortal = EB81B93F1B30A82F00DAFFA9 /* Project object */;
			proxyType = 1;
			remoteGlobalIDString = EB81B9471B30A82F00DAFFA9;
			remoteInfo = ReactiveSearcher;
		};
/* End PBXContainerItemProxy section */

/* Begin PBXFileReference section */
		EB3058DA1B5083B000532D21 /* FallbackCache.swift */ = {isa = PBXFileReference; fileEncoding = 4; lastKnownFileType = sourcecode.swift; path = FallbackCache.swift; sourceTree = "<group>"; };
		EB81B9481B30A82F00DAFFA9 /* ReactiveSearcher.framework */ = {isa = PBXFileReference; explicitFileType = wrapper.framework; includeInIndex = 0; path = ReactiveSearcher.framework; sourceTree = BUILT_PRODUCTS_DIR; };
		EB81B94C1B30A82F00DAFFA9 /* Info.plist */ = {isa = PBXFileReference; lastKnownFileType = text.plist.xml; path = Info.plist; sourceTree = "<group>"; };
		EB81B94D1B30A82F00DAFFA9 /* ReactiveSearcher.h */ = {isa = PBXFileReference; lastKnownFileType = sourcecode.c.h; path = ReactiveSearcher.h; sourceTree = "<group>"; };
		EB81B9531B30A82F00DAFFA9 /* ReactiveSearcherTests.xctest */ = {isa = PBXFileReference; explicitFileType = wrapper.cfbundle; includeInIndex = 0; path = ReactiveSearcherTests.xctest; sourceTree = BUILT_PRODUCTS_DIR; };
		EB81B9591B30A82F00DAFFA9 /* Info.plist */ = {isa = PBXFileReference; lastKnownFileType = text.plist.xml; path = Info.plist; sourceTree = "<group>"; };
		EB81B95A1B30A82F00DAFFA9 /* ReactiveSearcherTests.swift */ = {isa = PBXFileReference; lastKnownFileType = sourcecode.swift; path = ReactiveSearcherTests.swift; sourceTree = "<group>"; };
		EB81B9691B30A96800DAFFA9 /* Searcher.swift */ = {isa = PBXFileReference; fileEncoding = 4; lastKnownFileType = sourcecode.swift; path = Searcher.swift; sourceTree = "<group>"; };
		EB81B96C1B30AA3400DAFFA9 /* Protocols.swift */ = {isa = PBXFileReference; fileEncoding = 4; lastKnownFileType = sourcecode.swift; path = Protocols.swift; sourceTree = "<group>"; };
		EB81B96E1B30AAA200DAFFA9 /* ReactiveCocoa+Extensions.swift */ = {isa = PBXFileReference; fileEncoding = 4; lastKnownFileType = sourcecode.swift; path = "ReactiveCocoa+Extensions.swift"; sourceTree = "<group>"; };
		EB81B9701B30AAF000DAFFA9 /* Cache.swift */ = {isa = PBXFileReference; fileEncoding = 4; lastKnownFileType = sourcecode.swift; path = Cache.swift; sourceTree = "<group>"; };
		EB81B9721B30AB2D00DAFFA9 /* CachedSearcher.swift */ = {isa = PBXFileReference; fileEncoding = 4; lastKnownFileType = sourcecode.swift; path = CachedSearcher.swift; sourceTree = "<group>"; };
		EB81B9741B30ABA400DAFFA9 /* Box.framework */ = {isa = PBXFileReference; lastKnownFileType = wrapper.framework; path = Box.framework; sourceTree = "<group>"; };
		EB81B9751B30ABA400DAFFA9 /* ReactiveCocoa.framework */ = {isa = PBXFileReference; lastKnownFileType = wrapper.framework; path = ReactiveCocoa.framework; sourceTree = "<group>"; };
		EB81B9761B30ABA400DAFFA9 /* Result.framework */ = {isa = PBXFileReference; lastKnownFileType = wrapper.framework; path = Result.framework; sourceTree = "<group>"; };
		EB81B97A1B30ABFA00DAFFA9 /* Extensions.swift */ = {isa = PBXFileReference; fileEncoding = 4; lastKnownFileType = sourcecode.swift; path = Extensions.swift; sourceTree = "<group>"; };
/* End PBXFileReference section */

/* Begin PBXFrameworksBuildPhase section */
		EB81B9441B30A82F00DAFFA9 /* Frameworks */ = {
			isa = PBXFrameworksBuildPhase;
			buildActionMask = 2147483647;
			files = (
			);
			runOnlyForDeploymentPostprocessing = 0;
		};
		EB81B9501B30A82F00DAFFA9 /* Frameworks */ = {
			isa = PBXFrameworksBuildPhase;
			buildActionMask = 2147483647;
			files = (
				EB81B9541B30A82F00DAFFA9 /* ReactiveSearcher.framework in Frameworks */,
			);
			runOnlyForDeploymentPostprocessing = 0;
		};
/* End PBXFrameworksBuildPhase section */

/* Begin PBXGroup section */
		EB81B93E1B30A82F00DAFFA9 = {
			isa = PBXGroup;
			children = (
				EB81B94A1B30A82F00DAFFA9 /* ReactiveSearcher */,
				EB81B9571B30A82F00DAFFA9 /* ReactiveSearcherTests */,
				EB81B9491B30A82F00DAFFA9 /* Products */,
			);
			sourceTree = "<group>";
		};
		EB81B9491B30A82F00DAFFA9 /* Products */ = {
			isa = PBXGroup;
			children = (
				EB81B9481B30A82F00DAFFA9 /* ReactiveSearcher.framework */,
				EB81B9531B30A82F00DAFFA9 /* ReactiveSearcherTests.xctest */,
			);
			name = Products;
			sourceTree = "<group>";
		};
		EB81B94A1B30A82F00DAFFA9 /* ReactiveSearcher */ = {
			isa = PBXGroup;
			children = (
				EB81B96B1B30A97600DAFFA9 /* Frameworks */,
				EB81B9691B30A96800DAFFA9 /* Searcher.swift */,
				EB3058DA1B5083B000532D21 /* FallbackCache.swift */,
				EB81B9701B30AAF000DAFFA9 /* Cache.swift */,
				EB81B9721B30AB2D00DAFFA9 /* CachedSearcher.swift */,
				EB81B96C1B30AA3400DAFFA9 /* Protocols.swift */,
				EB81B97A1B30ABFA00DAFFA9 /* Extensions.swift */,
				EB81B96E1B30AAA200DAFFA9 /* ReactiveCocoa+Extensions.swift */,
				EB81B94D1B30A82F00DAFFA9 /* ReactiveSearcher.h */,
				EB81B94B1B30A82F00DAFFA9 /* Supporting Files */,
			);
			path = ReactiveSearcher;
			sourceTree = "<group>";
		};
		EB81B94B1B30A82F00DAFFA9 /* Supporting Files */ = {
			isa = PBXGroup;
			children = (
				EB81B94C1B30A82F00DAFFA9 /* Info.plist */,
			);
			name = "Supporting Files";
			sourceTree = "<group>";
		};
		EB81B9571B30A82F00DAFFA9 /* ReactiveSearcherTests */ = {
			isa = PBXGroup;
			children = (
				EB81B95A1B30A82F00DAFFA9 /* ReactiveSearcherTests.swift */,
				EB81B9581B30A82F00DAFFA9 /* Supporting Files */,
			);
			path = ReactiveSearcherTests;
			sourceTree = "<group>";
		};
		EB81B9581B30A82F00DAFFA9 /* Supporting Files */ = {
			isa = PBXGroup;
			children = (
				EB81B9591B30A82F00DAFFA9 /* Info.plist */,
			);
			name = "Supporting Files";
			sourceTree = "<group>";
		};
		EB81B96B1B30A97600DAFFA9 /* Frameworks */ = {
			isa = PBXGroup;
			children = (
				EB81B9741B30ABA400DAFFA9 /* Box.framework */,
				EB81B9751B30ABA400DAFFA9 /* ReactiveCocoa.framework */,
				EB81B9761B30ABA400DAFFA9 /* Result.framework */,
			);
			name = Frameworks;
			sourceTree = "<group>";
		};
/* End PBXGroup section */

/* Begin PBXHeadersBuildPhase section */
		EB81B9451B30A82F00DAFFA9 /* Headers */ = {
			isa = PBXHeadersBuildPhase;
			buildActionMask = 2147483647;
			files = (
				EB81B94E1B30A82F00DAFFA9 /* ReactiveSearcher.h in Headers */,
			);
			runOnlyForDeploymentPostprocessing = 0;
		};
/* End PBXHeadersBuildPhase section */

/* Begin PBXNativeTarget section */
		EB81B9471B30A82F00DAFFA9 /* ReactiveSearcher */ = {
			isa = PBXNativeTarget;
			buildConfigurationList = EB81B95E1B30A82F00DAFFA9 /* Build configuration list for PBXNativeTarget "ReactiveSearcher" */;
			buildPhases = (
				EB81B9431B30A82F00DAFFA9 /* Sources */,
				EB81B9441B30A82F00DAFFA9 /* Frameworks */,
				EB81B9451B30A82F00DAFFA9 /* Headers */,
				EB81B9461B30A82F00DAFFA9 /* Resources */,
			);
			buildRules = (
			);
			dependencies = (
			);
			name = ReactiveSearcher;
			productName = ReactiveSearcher;
			productReference = EB81B9481B30A82F00DAFFA9 /* ReactiveSearcher.framework */;
			productType = "com.apple.product-type.framework";
		};
		EB81B9521B30A82F00DAFFA9 /* ReactiveSearcherTests */ = {
			isa = PBXNativeTarget;
			buildConfigurationList = EB81B9611B30A82F00DAFFA9 /* Build configuration list for PBXNativeTarget "ReactiveSearcherTests" */;
			buildPhases = (
				EB81B94F1B30A82F00DAFFA9 /* Sources */,
				EB81B9501B30A82F00DAFFA9 /* Frameworks */,
				EB81B9511B30A82F00DAFFA9 /* Resources */,
			);
			buildRules = (
			);
			dependencies = (
				EB81B9561B30A82F00DAFFA9 /* PBXTargetDependency */,
			);
			name = ReactiveSearcherTests;
			productName = ReactiveSearcherTests;
			productReference = EB81B9531B30A82F00DAFFA9 /* ReactiveSearcherTests.xctest */;
			productType = "com.apple.product-type.bundle.unit-test";
		};
/* End PBXNativeTarget section */

/* Begin PBXProject section */
		EB81B93F1B30A82F00DAFFA9 /* Project object */ = {
			isa = PBXProject;
			attributes = {
				LastUpgradeCheck = 0630;
				ORGANIZATIONNAME = SuperUnreasonable;
				TargetAttributes = {
					EB81B9471B30A82F00DAFFA9 = {
						CreatedOnToolsVersion = 6.3.2;
					};
					EB81B9521B30A82F00DAFFA9 = {
						CreatedOnToolsVersion = 6.3.2;
					};
				};
			};
			buildConfigurationList = EB81B9421B30A82F00DAFFA9 /* Build configuration list for PBXProject "ReactiveSearcher" */;
			compatibilityVersion = "Xcode 3.2";
			developmentRegion = English;
			hasScannedForEncodings = 0;
			knownRegions = (
				en,
			);
			mainGroup = EB81B93E1B30A82F00DAFFA9;
			productRefGroup = EB81B9491B30A82F00DAFFA9 /* Products */;
			projectDirPath = "";
			projectRoot = "";
			targets = (
				EB81B9471B30A82F00DAFFA9 /* ReactiveSearcher */,
				EB81B9521B30A82F00DAFFA9 /* ReactiveSearcherTests */,
			);
		};
/* End PBXProject section */

/* Begin PBXResourcesBuildPhase section */
		EB81B9461B30A82F00DAFFA9 /* Resources */ = {
			isa = PBXResourcesBuildPhase;
			buildActionMask = 2147483647;
			files = (
			);
			runOnlyForDeploymentPostprocessing = 0;
		};
		EB81B9511B30A82F00DAFFA9 /* Resources */ = {
			isa = PBXResourcesBuildPhase;
			buildActionMask = 2147483647;
			files = (
			);
			runOnlyForDeploymentPostprocessing = 0;
		};
/* End PBXResourcesBuildPhase section */

/* Begin PBXSourcesBuildPhase section */
		EB81B9431B30A82F00DAFFA9 /* Sources */ = {
			isa = PBXSourcesBuildPhase;
			buildActionMask = 2147483647;
			files = (
				EB81B96A1B30A96800DAFFA9 /* Searcher.swift in Sources */,
				EB81B97B1B30ABFA00DAFFA9 /* Extensions.swift in Sources */,
				EB81B96D1B30AA3400DAFFA9 /* Protocols.swift in Sources */,
				EB3058DB1B5083B000532D21 /* FallbackCache.swift in Sources */,
				EB81B9711B30AAF000DAFFA9 /* Cache.swift in Sources */,
				EB81B96F1B30AAA200DAFFA9 /* ReactiveCocoa+Extensions.swift in Sources */,
				EB81B9731B30AB2D00DAFFA9 /* CachedSearcher.swift in Sources */,
			);
			runOnlyForDeploymentPostprocessing = 0;
		};
		EB81B94F1B30A82F00DAFFA9 /* Sources */ = {
			isa = PBXSourcesBuildPhase;
			buildActionMask = 2147483647;
			files = (
				EB81B95B1B30A82F00DAFFA9 /* ReactiveSearcherTests.swift in Sources */,
			);
			runOnlyForDeploymentPostprocessing = 0;
		};
/* End PBXSourcesBuildPhase section */

/* Begin PBXTargetDependency section */
		EB81B9561B30A82F00DAFFA9 /* PBXTargetDependency */ = {
			isa = PBXTargetDependency;
			target = EB81B9471B30A82F00DAFFA9 /* ReactiveSearcher */;
			targetProxy = EB81B9551B30A82F00DAFFA9 /* PBXContainerItemProxy */;
		};
/* End PBXTargetDependency section */

/* Begin XCBuildConfiguration section */
		EB81B95C1B30A82F00DAFFA9 /* Debug */ = {
			isa = XCBuildConfiguration;
			buildSettings = {
				ALWAYS_SEARCH_USER_PATHS = NO;
				CLANG_CXX_LANGUAGE_STANDARD = "gnu++0x";
				CLANG_CXX_LIBRARY = "libc++";
				CLANG_ENABLE_MODULES = YES;
				CLANG_ENABLE_OBJC_ARC = YES;
				CLANG_WARN_BOOL_CONVERSION = YES;
				CLANG_WARN_CONSTANT_CONVERSION = YES;
				CLANG_WARN_DIRECT_OBJC_ISA_USAGE = YES_ERROR;
				CLANG_WARN_EMPTY_BODY = YES;
				CLANG_WARN_ENUM_CONVERSION = YES;
				CLANG_WARN_INT_CONVERSION = YES;
				CLANG_WARN_OBJC_ROOT_CLASS = YES_ERROR;
				CLANG_WARN_UNREACHABLE_CODE = YES;
				CLANG_WARN__DUPLICATE_METHOD_MATCH = YES;
				"CODE_SIGN_IDENTITY[sdk=iphoneos*]" = "iPhone Developer";
				COPY_PHASE_STRIP = NO;
				CURRENT_PROJECT_VERSION = 1;
				DEBUG_INFORMATION_FORMAT = "dwarf-with-dsym";
				ENABLE_STRICT_OBJC_MSGSEND = YES;
				GCC_C_LANGUAGE_STANDARD = gnu99;
				GCC_DYNAMIC_NO_PIC = NO;
				GCC_NO_COMMON_BLOCKS = YES;
				GCC_OPTIMIZATION_LEVEL = 0;
				GCC_PREPROCESSOR_DEFINITIONS = (
					"DEBUG=1",
					"$(inherited)",
				);
				GCC_SYMBOLS_PRIVATE_EXTERN = NO;
				GCC_WARN_64_TO_32_BIT_CONVERSION = YES;
				GCC_WARN_ABOUT_RETURN_TYPE = YES_ERROR;
				GCC_WARN_UNDECLARED_SELECTOR = YES;
				GCC_WARN_UNINITIALIZED_AUTOS = YES_AGGRESSIVE;
				GCC_WARN_UNUSED_FUNCTION = YES;
				GCC_WARN_UNUSED_VARIABLE = YES;
				IPHONEOS_DEPLOYMENT_TARGET = 8.3;
				MTL_ENABLE_DEBUG_INFO = YES;
				ONLY_ACTIVE_ARCH = YES;
				SDKROOT = iphoneos;
				SWIFT_OPTIMIZATION_LEVEL = "-Onone";
				TARGETED_DEVICE_FAMILY = "1,2";
				VERSIONING_SYSTEM = "apple-generic";
				VERSION_INFO_PREFIX = "";
			};
			name = Debug;
		};
		EB81B95D1B30A82F00DAFFA9 /* Release */ = {
			isa = XCBuildConfiguration;
			buildSettings = {
				ALWAYS_SEARCH_USER_PATHS = NO;
				CLANG_CXX_LANGUAGE_STANDARD = "gnu++0x";
				CLANG_CXX_LIBRARY = "libc++";
				CLANG_ENABLE_MODULES = YES;
				CLANG_ENABLE_OBJC_ARC = YES;
				CLANG_WARN_BOOL_CONVERSION = YES;
				CLANG_WARN_CONSTANT_CONVERSION = YES;
				CLANG_WARN_DIRECT_OBJC_ISA_USAGE = YES_ERROR;
				CLANG_WARN_EMPTY_BODY = YES;
				CLANG_WARN_ENUM_CONVERSION = YES;
				CLANG_WARN_INT_CONVERSION = YES;
				CLANG_WARN_OBJC_ROOT_CLASS = YES_ERROR;
				CLANG_WARN_UNREACHABLE_CODE = YES;
				CLANG_WARN__DUPLICATE_METHOD_MATCH = YES;
				"CODE_SIGN_IDENTITY[sdk=iphoneos*]" = "iPhone Developer";
				COPY_PHASE_STRIP = NO;
				CURRENT_PROJECT_VERSION = 1;
				DEBUG_INFORMATION_FORMAT = "dwarf-with-dsym";
				ENABLE_NS_ASSERTIONS = NO;
				ENABLE_STRICT_OBJC_MSGSEND = YES;
				GCC_C_LANGUAGE_STANDARD = gnu99;
				GCC_NO_COMMON_BLOCKS = YES;
				GCC_WARN_64_TO_32_BIT_CONVERSION = YES;
				GCC_WARN_ABOUT_RETURN_TYPE = YES_ERROR;
				GCC_WARN_UNDECLARED_SELECTOR = YES;
				GCC_WARN_UNINITIALIZED_AUTOS = YES_AGGRESSIVE;
				GCC_WARN_UNUSED_FUNCTION = YES;
				GCC_WARN_UNUSED_VARIABLE = YES;
				IPHONEOS_DEPLOYMENT_TARGET = 8.3;
				MTL_ENABLE_DEBUG_INFO = NO;
				SDKROOT = iphoneos;
				TARGETED_DEVICE_FAMILY = "1,2";
				VALIDATE_PRODUCT = YES;
				VERSIONING_SYSTEM = "apple-generic";
				VERSION_INFO_PREFIX = "";
			};
			name = Release;
		};
		EB81B95F1B30A82F00DAFFA9 /* Debug */ = {
			isa = XCBuildConfiguration;
			buildSettings = {
				DEFINES_MODULE = YES;
				DYLIB_COMPATIBILITY_VERSION = 1;
				DYLIB_CURRENT_VERSION = 1;
				DYLIB_INSTALL_NAME_BASE = "@rpath";
				FRAMEWORK_SEARCH_PATHS = (
					"$(inherited)",
					"$(PROJECT_DIR)/ReactiveSearcher",
				);
				INFOPLIST_FILE = ReactiveSearcher/Info.plist;
				INSTALL_PATH = "$(LOCAL_LIBRARY_DIR)/Frameworks";
				LD_RUNPATH_SEARCH_PATHS = "$(inherited) @executable_path/Frameworks @loader_path/Frameworks";
				PRODUCT_NAME = "$(TARGET_NAME)";
				SKIP_INSTALL = YES;
			};
			name = Debug;
		};
		EB81B9601B30A82F00DAFFA9 /* Release */ = {
			isa = XCBuildConfiguration;
			buildSettings = {
				DEFINES_MODULE = YES;
				DYLIB_COMPATIBILITY_VERSION = 1;
				DYLIB_CURRENT_VERSION = 1;
				DYLIB_INSTALL_NAME_BASE = "@rpath";
				FRAMEWORK_SEARCH_PATHS = (
					"$(inherited)",
					"$(PROJECT_DIR)/ReactiveSearcher",
				);
				INFOPLIST_FILE = ReactiveSearcher/Info.plist;
				INSTALL_PATH = "$(LOCAL_LIBRARY_DIR)/Frameworks";
				LD_RUNPATH_SEARCH_PATHS = "$(inherited) @executable_path/Frameworks @loader_path/Frameworks";
				PRODUCT_NAME = "$(TARGET_NAME)";
				SKIP_INSTALL = YES;
			};
			name = Release;
		};
		EB81B9621B30A82F00DAFFA9 /* Debug */ = {
			isa = XCBuildConfiguration;
			buildSettings = {
				FRAMEWORK_SEARCH_PATHS = (
					"$(SDKROOT)/Developer/Library/Frameworks",
					"$(inherited)",
				);
				GCC_PREPROCESSOR_DEFINITIONS = (
					"DEBUG=1",
					"$(inherited)",
				);
				INFOPLIST_FILE = ReactiveSearcherTests/Info.plist;
				LD_RUNPATH_SEARCH_PATHS = "$(inherited) @executable_path/Frameworks @loader_path/Frameworks";
				PRODUCT_NAME = "$(TARGET_NAME)";
			};
			name = Debug;
		};
		EB81B9631B30A82F00DAFFA9 /* Release */ = {
			isa = XCBuildConfiguration;
			buildSettings = {
				FRAMEWORK_SEARCH_PATHS = (
					"$(SDKROOT)/Developer/Library/Frameworks",
					"$(inherited)",
				);
				INFOPLIST_FILE = ReactiveSearcherTests/Info.plist;
				LD_RUNPATH_SEARCH_PATHS = "$(inherited) @executable_path/Frameworks @loader_path/Frameworks";
				PRODUCT_NAME = "$(TARGET_NAME)";
			};
			name = Release;
		};
/* End XCBuildConfiguration section */

/* Begin XCConfigurationList section */
		EB81B9421B30A82F00DAFFA9 /* Build configuration list for PBXProject "ReactiveSearcher" */ = {
			isa = XCConfigurationList;
			buildConfigurations = (
				EB81B95C1B30A82F00DAFFA9 /* Debug */,
				EB81B95D1B30A82F00DAFFA9 /* Release */,
			);
			defaultConfigurationIsVisible = 0;
			defaultConfigurationName = Release;
		};
		EB81B95E1B30A82F00DAFFA9 /* Build configuration list for PBXNativeTarget "ReactiveSearcher" */ = {
			isa = XCConfigurationList;
			buildConfigurations = (
				EB81B95F1B30A82F00DAFFA9 /* Debug */,
				EB81B9601B30A82F00DAFFA9 /* Release */,
			);
			defaultConfigurationIsVisible = 0;
			defaultConfigurationName = Release;
		};
		EB81B9611B30A82F00DAFFA9 /* Build configuration list for PBXNativeTarget "ReactiveSearcherTests" */ = {
			isa = XCConfigurationList;
			buildConfigurations = (
				EB81B9621B30A82F00DAFFA9 /* Debug */,
				EB81B9631B30A82F00DAFFA9 /* Release */,
			);
			defaultConfigurationIsVisible = 0;
			defaultConfigurationName = Release;
		};
/* End XCConfigurationList section */
	};
	rootObject = EB81B93F1B30A82F00DAFFA9 /* Project object */;
}
